
Microsoft Visual Studio Solution File, Format Version 12.00
# Visual Studio Version 16
VisualStudioVersion = 16.0.32002.261
MinimumVisualStudioVersion = 10.0.40219.1
Project("{9A19103F-16F7-4668-BE54-9A1E7A4F7556}") = "SprintCompassBackend", "SprintCompassBackend.csproj", "{13A698E2-DB49-45E3-89D5-92C8BE97CF27}"
EndProject
Project("{9A19103F-16F7-4668-BE54-9A1E7A4F7556}") = "SprintCompassBackendUnitTests", "..\sprint-compass-backend-unit-tests\SprintCompassBackendUnitTests.csproj", "{CA5F545D-2E25-4A3F-A891-1D579CE4BA13}"
EndProject
Project("{2150E333-8FDC-42A3-9474-1A3956D46DE8}") = "Solution Items", "Solution Items", "{4089A0B6-6F0A-4585-B2C2-9F2804D68FA6}"
	ProjectSection(SolutionItems) = preProject
		.editorconfig = .editorconfig
	EndProjectSection
EndProject
Global
	GlobalSection(SolutionConfigurationPlatforms) = preSolution
		Debug|Any CPU = Debug|Any CPU
		Release|Any CPU = Release|Any CPU
	EndGlobalSection
	GlobalSection(ProjectConfigurationPlatforms) = postSolution
		{13A698E2-DB49-45E3-89D5-92C8BE97CF27}.Debug|Any CPU.ActiveCfg = Debug|Any CPU
		{13A698E2-DB49-45E3-89D5-92C8BE97CF27}.Debug|Any CPU.Build.0 = Debug|Any CPU
		{13A698E2-DB49-45E3-89D5-92C8BE97CF27}.Release|Any CPU.ActiveCfg = Release|Any CPU
		{13A698E2-DB49-45E3-89D5-92C8BE97CF27}.Release|Any CPU.Build.0 = Release|Any CPU
		{CA5F545D-2E25-4A3F-A891-1D579CE4BA13}.Debug|Any CPU.ActiveCfg = Debug|Any CPU
		{CA5F545D-2E25-4A3F-A891-1D579CE4BA13}.Debug|Any CPU.Build.0 = Debug|Any CPU
		{CA5F545D-2E25-4A3F-A891-1D579CE4BA13}.Release|Any CPU.ActiveCfg = Release|Any CPU
		{CA5F545D-2E25-4A3F-A891-1D579CE4BA13}.Release|Any CPU.Build.0 = Release|Any CPU
	EndGlobalSection
	GlobalSection(SolutionProperties) = preSolution
		HideSolutionNode = FALSE
	EndGlobalSection
	GlobalSection(ExtensibilityGlobals) = postSolution
		SolutionGuid = {9AA420B9-0708-48F1-9713-911C4E879CB3}
	EndGlobalSection
EndGlobal
